
Microsoft Visual Studio Solution File, Format Version 12.00
# Visual Studio 15
VisualStudioVersion = 15.0.27428.2015
MinimumVisualStudioVersion = 10.0.40219.1
Project("{FAE04EC0-301F-11D3-BF4B-00C04F79EFBC}") = "Lab_3C_Math_App", "Lab_3C_Math_App\Lab_3C_Math_App.csproj", "{C02D892D-BE1B-43CA-8DC2-6F93615CF8C4}"
EndProject
Global
	GlobalSection(SolutionConfigurationPlatforms) = preSolution
		Debug|Any CPU = Debug|Any CPU
		Release|Any CPU = Release|Any CPU
	EndGlobalSection
	GlobalSection(ProjectConfigurationPlatforms) = postSolution
		{C02D892D-BE1B-43CA-8DC2-6F93615CF8C4}.Debug|Any CPU.ActiveCfg = Debug|Any CPU
		{C02D892D-BE1B-43CA-8DC2-6F93615CF8C4}.Debug|Any CPU.Build.0 = Debug|Any CPU
		{C02D892D-BE1B-43CA-8DC2-6F93615CF8C4}.Release|Any CPU.ActiveCfg = Release|Any CPU
		{C02D892D-BE1B-43CA-8DC2-6F93615CF8C4}.Release|Any CPU.Build.0 = Release|Any CPU
	EndGlobalSection
	GlobalSection(SolutionProperties) = preSolution
		HideSolutionNode = FALSE
	EndGlobalSection
	GlobalSection(ExtensibilityGlobals) = postSolution
		SolutionGuid = {64F142C1-432F-4E90-B446-FAA0478B66B9}
	EndGlobalSection
EndGlobal
